{
  "version": 4,
  "terraform_version": "1.10.1",
  "serial": 11,
  "lineage": "89290577-5740-d825-06ee-20766c0635cf",
  "outputs": {
    "public_ip_address": {
      "value": "74.248.138.247",
      "type": "string"
    }
  },
  "resources": [
    {
      "mode": "managed",
      "type": "azurerm_linux_virtual_machine",
      "name": "vm",
      "provider": "provider[\"registry.terraform.io/hashicorp/azurerm\"]",
      "instances": [
        {
          "schema_version": 0,
          "attributes": {
            "additional_capabilities": [],
            "admin_password": null,
            "admin_ssh_key": [
              {
                "public_key": "ssh-rsa AAAAB3NzaC1yc2EAAAADAQABAAACAQCmH3oZBuT9JM5NQp03wC03JhMszWOGqVQFcuIZsn2atXl/jE0sKqmCRHwLpIbuweJYpYgALCnW5IZ8zlxZ/HZ1fM/G3OIoOHHPUUWN9nlXDTTgvt9c+dDf9E5dD2KEj4MFhsJTikUIPMdRWhLioVyHqCubwjQVmUGmOYsC+fPEd7yStcoQqed5DlYKvIjt+J0Cd0/HLw1StACmW+pdEFm40FQ3/XEpoLxgttVp+Y8jatA4rHR+84kM2xvaBfTU45nlEGUmogCX9vXSlX6a3vfTtEBkksgsXs1GW9q1F1zKOtsRArZZjjoceQ0+iBDhTvvboizNZRCoWqw3QzZyc8QKu8ocudqIptE7yTPkmgrTu+FK+K0i5HcB0duh80N1RSJlaEMPD+SQ2jtB1YN+4MF1QMors3dCkfiuWHAIDX7DixeG0bU+xEom7M8RsJICGz77JlFh8p/jJmdrNwD1nxxWRWIlkmvPUz971LimAsP7pGOVbmHqu/oRbUOm3/fa7lvwLAykUb7IfBQ37cdXlzUKaxJ2J25GBa0GH7fWlWZD2Xpv2nhlV1KrpqtSvkAymjQvSW6y4BbhH6kScXLQYdcGonEJ9vpJcEHoxeyQBAG/RdyLMMg0Cdb6bNhHBpId4/uYghFQknFkOpiU9yTBHnnum9nBqHvpf8oCK1wjscdNfQ== bilski@bilski\n",
                "username": "azureuser"
              }
            ],
            "admin_username": "azureuser",
            "allow_extension_operations": true,
            "availability_set_id": "",
            "boot_diagnostics": [],
            "bypass_platform_safety_checks_on_user_schedule_enabled": false,
            "capacity_reservation_group_id": "",
            "computer_name": "deployment-vm",
            "custom_data": "IyEvYmluL2Jhc2gKYXB0LWdldCB1cGRhdGUKYXB0LWdldCBpbnN0YWxsIC15IGRvY2tlci5pbyBkb2NrZXItY29tcG9zZQpzeXN0ZW1jdGwgc3RhcnQgZG9ja2VyCnN5c3RlbWN0bCBlbmFibGUgZG9ja2VyCnVzZXJtb2QgLWFHIGRvY2tlciBhenVyZXVzZXIK",
            "dedicated_host_group_id": "",
            "dedicated_host_id": "",
            "disable_password_authentication": true,
            "disk_controller_type": "",
            "edge_zone": "",
            "encryption_at_host_enabled": false,
            "eviction_policy": "",
            "extensions_time_budget": "PT1H30M",
            "gallery_application": [],
            "id": "/subscriptions/7ae067f2-3d64-4d14-9223-9909e6dc5d1e/resourceGroups/deployment-rg/providers/Microsoft.Compute/virtualMachines/deployment-vm",
            "identity": [],
            "license_type": "",
            "location": "polandcentral",
            "max_bid_price": -1,
            "name": "deployment-vm",
            "network_interface_ids": [
              "/subscriptions/7ae067f2-3d64-4d14-9223-9909e6dc5d1e/resourceGroups/deployment-rg/providers/Microsoft.Network/networkInterfaces/deployment-nic"
            ],
            "os_disk": [
              {
                "caching": "ReadWrite",
                "diff_disk_settings": [],
                "disk_encryption_set_id": "",
                "disk_size_gb": 30,
                "name": "deployment-vm_OsDisk_1_7c4b3a57c12f4f5f8a0f3256f950199b",
                "secure_vm_disk_encryption_set_id": "",
                "security_encryption_type": "",
                "storage_account_type": "Standard_LRS",
                "write_accelerator_enabled": false
              }
            ],
            "os_image_notification": [],
            "patch_assessment_mode": "ImageDefault",
            "patch_mode": "ImageDefault",
            "plan": [],
            "platform_fault_domain": -1,
            "priority": "Regular",
            "private_ip_address": "10.0.1.4",
            "private_ip_addresses": [
              "10.0.1.4"
            ],
            "provision_vm_agent": true,
            "proximity_placement_group_id": "",
            "public_ip_address": "74.248.138.247",
            "public_ip_addresses": [
              "74.248.138.247"
            ],
            "reboot_setting": "",
            "resource_group_name": "deployment-rg",
            "secret": [],
            "secure_boot_enabled": false,
            "size": "Standard_B2s",
            "source_image_id": "",
            "source_image_reference": [
              {
                "offer": "0001-com-ubuntu-server-jammy",
                "publisher": "Canonical",
                "sku": "22_04-lts",
                "version": "latest"
              }
            ],
            "tags": {},
            "termination_notification": [],
            "timeouts": null,
            "user_data": "",
            "virtual_machine_id": "ae7df23e-0af6-4a6b-ba2b-bbd4227c979e",
            "virtual_machine_scale_set_id": "",
            "vm_agent_platform_updates_enabled": false,
            "vtpm_enabled": false,
            "zone": ""
          },
          "sensitive_attributes": [
            [
              {
                "type": "get_attr",
                "value": "custom_data"
              }
            ],
            [
              {
                "type": "get_attr",
                "value": "admin_password"
              }
            ]
          ],
          "private": "eyJlMmJmYjczMC1lY2FhLTExZTYtOGY4OC0zNDM2M2JjN2M0YzAiOnsiY3JlYXRlIjoyNzAwMDAwMDAwMDAwLCJkZWxldGUiOjI3MDAwMDAwMDAwMDAsInJlYWQiOjMwMDAwMDAwMDAwMCwidXBkYXRlIjoyNzAwMDAwMDAwMDAwfX0=",
          "dependencies": [
            "azurerm_network_interface.nic",
            "azurerm_public_ip.pip",
            "azurerm_resource_group.rg",
            "azurerm_subnet.subnet",
            "azurerm_virtual_network.vnet"
          ]
        }
      ]
    },
    {
      "mode": "managed",
      "type": "azurerm_network_interface",
      "name": "nic",
      "provider": "provider[\"registry.terraform.io/hashicorp/azurerm\"]",
      "instances": [
        {
          "schema_version": 0,
          "attributes": {
            "accelerated_networking_enabled": false,
            "applied_dns_servers": [],
            "auxiliary_mode": "",
            "auxiliary_sku": "",
            "dns_servers": [],
            "edge_zone": "",
            "id": "/subscriptions/7ae067f2-3d64-4d14-9223-9909e6dc5d1e/resourceGroups/deployment-rg/providers/Microsoft.Network/networkInterfaces/deployment-nic",
            "internal_dns_name_label": "",
            "internal_domain_name_suffix": "k1ntf1fgoj0uraj1lzbr3dxudc.wawx.internal.cloudapp.net",
            "ip_configuration": [
              {
                "gateway_load_balancer_frontend_ip_configuration_id": "",
                "name": "internal",
                "primary": true,
                "private_ip_address": "10.0.1.4",
                "private_ip_address_allocation": "Dynamic",
                "private_ip_address_version": "IPv4",
                "public_ip_address_id": "/subscriptions/7ae067f2-3d64-4d14-9223-9909e6dc5d1e/resourceGroups/deployment-rg/providers/Microsoft.Network/publicIPAddresses/deployment-pip",
                "subnet_id": "/subscriptions/7ae067f2-3d64-4d14-9223-9909e6dc5d1e/resourceGroups/deployment-rg/providers/Microsoft.Network/virtualNetworks/deployment-vnet/subnets/deployment-subnet"
              }
            ],
            "ip_forwarding_enabled": false,
            "location": "polandcentral",
            "mac_address": "7C-1E-52-6B-C1-AB",
            "name": "deployment-nic",
            "private_ip_address": "10.0.1.4",
            "private_ip_addresses": [
              "10.0.1.4"
            ],
            "resource_group_name": "deployment-rg",
            "tags": {},
            "timeouts": null,
            "virtual_machine_id": "/subscriptions/7ae067f2-3d64-4d14-9223-9909e6dc5d1e/resourceGroups/deployment-rg/providers/Microsoft.Compute/virtualMachines/deployment-vm"
          },
          "sensitive_attributes": [],
          "private": "eyJlMmJmYjczMC1lY2FhLTExZTYtOGY4OC0zNDM2M2JjN2M0YzAiOnsiY3JlYXRlIjoxODAwMDAwMDAwMDAwLCJkZWxldGUiOjE4MDAwMDAwMDAwMDAsInJlYWQiOjMwMDAwMDAwMDAwMCwidXBkYXRlIjoxODAwMDAwMDAwMDAwfX0=",
          "dependencies": [
            "azurerm_public_ip.pip",
            "azurerm_resource_group.rg",
            "azurerm_subnet.subnet",
            "azurerm_virtual_network.vnet"
          ]
        }
      ]
    },
    {
      "mode": "managed",
      "type": "azurerm_network_interface_security_group_association",
      "name": "nic_nsg",
      "provider": "provider[\"registry.terraform.io/hashicorp/azurerm\"]",
      "instances": [
        {
          "schema_version": 0,
          "attributes": {
            "id": "/subscriptions/7ae067f2-3d64-4d14-9223-9909e6dc5d1e/resourceGroups/deployment-rg/providers/Microsoft.Network/networkInterfaces/deployment-nic|/subscriptions/7ae067f2-3d64-4d14-9223-9909e6dc5d1e/resourceGroups/deployment-rg/providers/Microsoft.Network/networkSecurityGroups/deployment-nsg",
            "network_interface_id": "/subscriptions/7ae067f2-3d64-4d14-9223-9909e6dc5d1e/resourceGroups/deployment-rg/providers/Microsoft.Network/networkInterfaces/deployment-nic",
            "network_security_group_id": "/subscriptions/7ae067f2-3d64-4d14-9223-9909e6dc5d1e/resourceGroups/deployment-rg/providers/Microsoft.Network/networkSecurityGroups/deployment-nsg",
            "timeouts": null
          },
          "sensitive_attributes": [],
          "private": "eyJlMmJmYjczMC1lY2FhLTExZTYtOGY4OC0zNDM2M2JjN2M0YzAiOnsiY3JlYXRlIjoxODAwMDAwMDAwMDAwLCJkZWxldGUiOjE4MDAwMDAwMDAwMDAsInJlYWQiOjMwMDAwMDAwMDAwMH19",
          "dependencies": [
            "azurerm_network_interface.nic",
            "azurerm_network_security_group.nsg",
            "azurerm_public_ip.pip",
            "azurerm_resource_group.rg",
            "azurerm_subnet.subnet",
            "azurerm_virtual_network.vnet"
          ]
        }
      ]
    },
    {
      "mode": "managed",
      "type": "azurerm_network_security_group",
      "name": "nsg",
      "provider": "provider[\"registry.terraform.io/hashicorp/azurerm\"]",
      "instances": [
        {
          "schema_version": 0,
          "attributes": {
            "id": "/subscriptions/7ae067f2-3d64-4d14-9223-9909e6dc5d1e/resourceGroups/deployment-rg/providers/Microsoft.Network/networkSecurityGroups/deployment-nsg",
            "location": "polandcentral",
            "name": "deployment-nsg",
            "resource_group_name": "deployment-rg",
            "security_rule": [
              {
                "access": "Allow",
                "description": "",
                "destination_address_prefix": "*",
                "destination_address_prefixes": [],
                "destination_application_security_group_ids": [],
                "destination_port_range": "5000",
                "destination_port_ranges": [],
                "direction": "Inbound",
                "name": "DockerRegistry",
                "priority": 130,
                "protocol": "Tcp",
                "source_address_prefix": "*",
                "source_address_prefixes": [],
                "source_application_security_group_ids": [],
                "source_port_range": "*",
                "source_port_ranges": []
              },
              {
                "access": "Allow",
                "description": null,
                "destination_address_prefix": "*",
                "destination_address_prefixes": [],
                "destination_application_security_group_ids": [],
                "destination_port_range": "22",
                "destination_port_ranges": [],
                "direction": "Inbound",
                "name": "SSH",
                "priority": 100,
                "protocol": "Tcp",
                "source_address_prefix": "*",
                "source_address_prefixes": [],
                "source_application_security_group_ids": [],
                "source_port_range": "*",
                "source_port_ranges": []
              },
              {
                "access": "Allow",
                "description": null,
                "destination_address_prefix": "*",
                "destination_address_prefixes": [],
                "destination_application_security_group_ids": [],
                "destination_port_range": "443",
                "destination_port_ranges": [],
                "direction": "Inbound",
                "name": "HTTPS",
                "priority": 120,
                "protocol": "Tcp",
                "source_address_prefix": "*",
                "source_address_prefixes": [],
                "source_application_security_group_ids": [],
                "source_port_range": "*",
                "source_port_ranges": []
              },
              {
                "access": "Allow",
                "description": null,
                "destination_address_prefix": "*",
                "destination_address_prefixes": [],
                "destination_application_security_group_ids": [],
                "destination_port_range": "80",
                "destination_port_ranges": [],
                "direction": "Inbound",
                "name": "HTTP",
                "priority": 110,
                "protocol": "Tcp",
                "source_address_prefix": "*",
                "source_address_prefixes": [],
                "source_application_security_group_ids": [],
                "source_port_range": "*",
                "source_port_ranges": []
              }
            ],
            "tags": {},
            "timeouts": null
          },
          "sensitive_attributes": [],
          "private": "eyJlMmJmYjczMC1lY2FhLTExZTYtOGY4OC0zNDM2M2JjN2M0YzAiOnsiY3JlYXRlIjoxODAwMDAwMDAwMDAwLCJkZWxldGUiOjE4MDAwMDAwMDAwMDAsInJlYWQiOjMwMDAwMDAwMDAwMCwidXBkYXRlIjoxODAwMDAwMDAwMDAwfX0=",
          "dependencies": [
            "azurerm_resource_group.rg"
          ]
        }
      ]
    },
    {
      "mode": "managed",
      "type": "azurerm_public_ip",
      "name": "pip",
      "provider": "provider[\"registry.terraform.io/hashicorp/azurerm\"]",
      "instances": [
        {
          "schema_version": 0,
          "attributes": {
            "allocation_method": "Static",
            "ddos_protection_mode": "VirtualNetworkInherited",
            "ddos_protection_plan_id": null,
            "domain_name_label": null,
            "domain_name_label_scope": null,
            "edge_zone": "",
            "fqdn": null,
            "id": "/subscriptions/7ae067f2-3d64-4d14-9223-9909e6dc5d1e/resourceGroups/deployment-rg/providers/Microsoft.Network/publicIPAddresses/deployment-pip",
            "idle_timeout_in_minutes": 4,
            "ip_address": "74.248.138.247",
            "ip_tags": {},
            "ip_version": "IPv4",
            "location": "polandcentral",
            "name": "deployment-pip",
            "public_ip_prefix_id": null,
            "resource_group_name": "deployment-rg",
            "reverse_fqdn": null,
            "sku": "Standard",
            "sku_tier": "Regional",
            "tags": {},
            "timeouts": null,
            "zones": []
          },
          "sensitive_attributes": [],
          "private": "eyJlMmJmYjczMC1lY2FhLTExZTYtOGY4OC0zNDM2M2JjN2M0YzAiOnsiY3JlYXRlIjoxODAwMDAwMDAwMDAwLCJkZWxldGUiOjE4MDAwMDAwMDAwMDAsInJlYWQiOjMwMDAwMDAwMDAwMCwidXBkYXRlIjoxODAwMDAwMDAwMDAwfX0=",
          "dependencies": [
            "azurerm_resource_group.rg"
          ]
        }
      ]
    },
    {
      "mode": "managed",
      "type": "azurerm_resource_group",
      "name": "rg",
      "provider": "provider[\"registry.terraform.io/hashicorp/azurerm\"]",
      "instances": [
        {
          "schema_version": 0,
          "attributes": {
            "id": "/subscriptions/7ae067f2-3d64-4d14-9223-9909e6dc5d1e/resourceGroups/deployment-rg",
            "location": "polandcentral",
            "managed_by": "",
            "name": "deployment-rg",
            "tags": {},
            "timeouts": null
          },
          "sensitive_attributes": [],
          "private": "eyJlMmJmYjczMC1lY2FhLTExZTYtOGY4OC0zNDM2M2JjN2M0YzAiOnsiY3JlYXRlIjo1NDAwMDAwMDAwMDAwLCJkZWxldGUiOjU0MDAwMDAwMDAwMDAsInJlYWQiOjMwMDAwMDAwMDAwMCwidXBkYXRlIjo1NDAwMDAwMDAwMDAwfX0="
        }
      ]
    },
    {
      "mode": "managed",
      "type": "azurerm_subnet",
      "name": "subnet",
      "provider": "provider[\"registry.terraform.io/hashicorp/azurerm\"]",
      "instances": [
        {
          "schema_version": 0,
          "attributes": {
            "address_prefixes": [
              "10.0.1.0/24"
            ],
            "default_outbound_access_enabled": true,
            "delegation": [],
            "id": "/subscriptions/7ae067f2-3d64-4d14-9223-9909e6dc5d1e/resourceGroups/deployment-rg/providers/Microsoft.Network/virtualNetworks/deployment-vnet/subnets/deployment-subnet",
            "name": "deployment-subnet",
            "private_endpoint_network_policies": "Disabled",
            "private_link_service_network_policies_enabled": true,
            "resource_group_name": "deployment-rg",
            "service_endpoint_policy_ids": [],
            "service_endpoints": [],
            "timeouts": null,
            "virtual_network_name": "deployment-vnet"
          },
          "sensitive_attributes": [],
          "private": "eyJlMmJmYjczMC1lY2FhLTExZTYtOGY4OC0zNDM2M2JjN2M0YzAiOnsiY3JlYXRlIjoxODAwMDAwMDAwMDAwLCJkZWxldGUiOjE4MDAwMDAwMDAwMDAsInJlYWQiOjMwMDAwMDAwMDAwMCwidXBkYXRlIjoxODAwMDAwMDAwMDAwfX0=",
          "dependencies": [
            "azurerm_resource_group.rg",
            "azurerm_virtual_network.vnet"
          ]
        }
      ]
    },
    {
      "mode": "managed",
      "type": "azurerm_virtual_network",
      "name": "vnet",
      "provider": "provider[\"registry.terraform.io/hashicorp/azurerm\"]",
      "instances": [
        {
          "schema_version": 0,
          "attributes": {
            "address_space": [
              "10.0.0.0/16"
            ],
            "bgp_community": "",
            "ddos_protection_plan": [],
            "dns_servers": [],
            "edge_zone": "",
            "encryption": [],
            "flow_timeout_in_minutes": 0,
            "guid": "ec32db56-72a6-4875-813b-5e431e8ef41a",
            "id": "/subscriptions/7ae067f2-3d64-4d14-9223-9909e6dc5d1e/resourceGroups/deployment-rg/providers/Microsoft.Network/virtualNetworks/deployment-vnet",
            "location": "polandcentral",
            "name": "deployment-vnet",
            "resource_group_name": "deployment-rg",
            "subnet": [
              {
                "address_prefixes": [
                  "10.0.1.0/24"
                ],
                "default_outbound_access_enabled": true,
                "delegation": [],
                "id": "/subscriptions/7ae067f2-3d64-4d14-9223-9909e6dc5d1e/resourceGroups/deployment-rg/providers/Microsoft.Network/virtualNetworks/deployment-vnet/subnets/deployment-subnet",
                "name": "deployment-subnet",
                "private_endpoint_network_policies": "Disabled",
                "private_link_service_network_policies_enabled": true,
                "route_table_id": "",
                "security_group": "",
                "service_endpoint_policy_ids": [],
                "service_endpoints": []
              }
            ],
            "tags": {},
            "timeouts": null
          },
          "sensitive_attributes": [],
          "private": "eyJlMmJmYjczMC1lY2FhLTExZTYtOGY4OC0zNDM2M2JjN2M0YzAiOnsiY3JlYXRlIjoxODAwMDAwMDAwMDAwLCJkZWxldGUiOjE4MDAwMDAwMDAwMDAsInJlYWQiOjMwMDAwMDAwMDAwMCwidXBkYXRlIjoxODAwMDAwMDAwMDAwfX0=",
          "dependencies": [
            "azurerm_resource_group.rg"
          ]
        }
      ]
    }
  ],
  "check_results": null
}
